// !$*UTF8*$!
{
	archiveVersion = 1;
	classes = {
	};
	objectVersion = 46;
	objects = {

/* Begin PBXBuildFile section */
		2AC7249B144F17A3085132B4 /* libPods-SigmaticUI.a in Frameworks */ = {isa = PBXBuildFile; fileRef = 56D051071A4C238CAE6026A2 /* libPods-SigmaticUI.a */; };
		B7757001067DCEFE478FAFA2 /* SUIViewFrame.m in Sources */ = {isa = PBXBuildFile; fileRef = B7757715CE7C7BE378E79525 /* SUIViewFrame.m */; };
		B775739ED88852AA97E4A074 /* SUIModalViewController.m in Sources */ = {isa = PBXBuildFile; fileRef = B7757CC2D8F99DABE33375BD /* SUIModalViewController.m */; };
		B77573B952BDB5696AD4C48F /* SUIViewFrameTests.m in Sources */ = {isa = PBXBuildFile; fileRef = B7757DBE2819A09E1F8B1A66 /* SUIViewFrameTests.m */; };
		B77574D1C5A5D9C03E22C144 /* SUIViewSorting.m in Sources */ = {isa = PBXBuildFile; fileRef = B77573A810ABC40C6ED95580 /* SUIViewSorting.m */; };
		B775758B8D964E1AF8A389C8 /* SUIControlCenterTests.m in Sources */ = {isa = PBXBuildFile; fileRef = B7757BB7C74AFCF719CB6219 /* SUIControlCenterTests.m */; };
		B775799B8F6EDEB761A4471F /* SUIViewControllerExtension.m in Sources */ = {isa = PBXBuildFile; fileRef = B775740F9A20A4027DC9B03B /* SUIViewControllerExtension.m */; };
		B7757EB9CBA6A7899BA2EF43 /* SUIViewSubviews.m in Sources */ = {isa = PBXBuildFile; fileRef = B775761108AEFA8BE198AD64 /* SUIViewSubviews.m */; };
		D54E24D81B313EA60046E899 /* main.m in Sources */ = {isa = PBXBuildFile; fileRef = D54E24D71B313EA60046E899 /* main.m */; };
		D54E24DB1B313EA60046E899 /* AppDelegate.m in Sources */ = {isa = PBXBuildFile; fileRef = D54E24DA1B313EA60046E899 /* AppDelegate.m */; };
		D54E24DE1B313EA60046E899 /* ViewController.m in Sources */ = {isa = PBXBuildFile; fileRef = D54E24DD1B313EA60046E899 /* ViewController.m */; };
		D54E24E11B313EA60046E899 /* Main.storyboard in Resources */ = {isa = PBXBuildFile; fileRef = D54E24DF1B313EA60046E899 /* Main.storyboard */; };
		D54E24E31B313EA60046E899 /* Images.xcassets in Resources */ = {isa = PBXBuildFile; fileRef = D54E24E21B313EA60046E899 /* Images.xcassets */; };
		D54E24E61B313EA60046E899 /* LaunchScreen.xib in Resources */ = {isa = PBXBuildFile; fileRef = D54E24E41B313EA60046E899 /* LaunchScreen.xib */; };
		D54E24FD1B3161E10046E899 /* SUISubViewController.m in Sources */ = {isa = PBXBuildFile; fileRef = D54E24FC1B3161E10046E899 /* SUISubViewController.m */; };
		D59B9D581B690D7B004BEFDB /* MapKit.framework in Frameworks */ = {isa = PBXBuildFile; fileRef = D59B9D571B690D7B004BEFDB /* MapKit.framework */; };
/* End PBXBuildFile section */

/* Begin PBXContainerItemProxy section */
		D54E24EC1B313EA60046E899 /* PBXContainerItemProxy */ = {
			isa = PBXContainerItemProxy;
			containerPortal = D54E24CA1B313EA50046E899 /* Project object */;
			proxyType = 1;
			remoteGlobalIDString = D54E24D11B313EA50046E899;
			remoteInfo = SigmaticUI;
		};
/* End PBXContainerItemProxy section */

/* Begin PBXFileReference section */
		162D7608C8F76153946C3483 /* Pods-SigmaticUI.debug.xcconfig */ = {isa = PBXFileReference; includeInIndex = 1; lastKnownFileType = text.xcconfig; name = "Pods-SigmaticUI.debug.xcconfig"; path = "Pods/Target Support Files/Pods-SigmaticUI/Pods-SigmaticUI.debug.xcconfig"; sourceTree = "<group>"; };
		1CAB3391CBE6735A2C9A3541 /* Pods-SigmaticUI.release.xcconfig */ = {isa = PBXFileReference; includeInIndex = 1; lastKnownFileType = text.xcconfig; name = "Pods-SigmaticUI.release.xcconfig"; path = "Pods/Target Support Files/Pods-SigmaticUI/Pods-SigmaticUI.release.xcconfig"; sourceTree = "<group>"; };
		56D051071A4C238CAE6026A2 /* libPods-SigmaticUI.a */ = {isa = PBXFileReference; explicitFileType = archive.ar; includeInIndex = 0; path = "libPods-SigmaticUI.a"; sourceTree = BUILT_PRODUCTS_DIR; };
		B77573A810ABC40C6ED95580 /* SUIViewSorting.m */ = {isa = PBXFileReference; fileEncoding = 4; lastKnownFileType = sourcecode.c.objc; path = SUIViewSorting.m; sourceTree = "<group>"; };
		B775740F9A20A4027DC9B03B /* SUIViewControllerExtension.m */ = {isa = PBXFileReference; fileEncoding = 4; lastKnownFileType = sourcecode.c.objc; path = SUIViewControllerExtension.m; sourceTree = "<group>"; };
		B775761108AEFA8BE198AD64 /* SUIViewSubviews.m */ = {isa = PBXFileReference; fileEncoding = 4; lastKnownFileType = sourcecode.c.objc; path = SUIViewSubviews.m; sourceTree = "<group>"; };
		B7757715CE7C7BE378E79525 /* SUIViewFrame.m */ = {isa = PBXFileReference; fileEncoding = 4; lastKnownFileType = sourcecode.c.objc; path = SUIViewFrame.m; sourceTree = "<group>"; };
		B77578A27C62C325D72D137B /* SUIViewSorting.h */ = {isa = PBXFileReference; fileEncoding = 4; lastKnownFileType = sourcecode.c.h; path = SUIViewSorting.h; sourceTree = "<group>"; };
		B77579BA2A532E0AE344D8BA /* SigmaticUI.h */ = {isa = PBXFileReference; fileEncoding = 4; lastKnownFileType = sourcecode.c.h; path = SigmaticUI.h; sourceTree = "<group>"; };
		B77579C325CCFE897F113B51 /* SUIViewControllerExtension.h */ = {isa = PBXFileReference; fileEncoding = 4; lastKnownFileType = sourcecode.c.h; path = SUIViewControllerExtension.h; sourceTree = "<group>"; };
		B7757ADED5370129FCD7AB98 /* SUIModalViewController.h */ = {isa = PBXFileReference; fileEncoding = 4; lastKnownFileType = sourcecode.c.h; path = SUIModalViewController.h; sourceTree = "<group>"; };
		B7757B6E8E56E77808599366 /* SUIViewFrame.h */ = {isa = PBXFileReference; fileEncoding = 4; lastKnownFileType = sourcecode.c.h; path = SUIViewFrame.h; sourceTree = "<group>"; };
		B7757BB7C74AFCF719CB6219 /* SUIControlCenterTests.m */ = {isa = PBXFileReference; fileEncoding = 4; lastKnownFileType = sourcecode.c.objc; path = SUIControlCenterTests.m; sourceTree = "<group>"; };
		B7757CC2D8F99DABE33375BD /* SUIModalViewController.m */ = {isa = PBXFileReference; fileEncoding = 4; lastKnownFileType = sourcecode.c.objc; path = SUIModalViewController.m; sourceTree = "<group>"; };
		B7757DBE2819A09E1F8B1A66 /* SUIViewFrameTests.m */ = {isa = PBXFileReference; fileEncoding = 4; lastKnownFileType = sourcecode.c.objc; path = SUIViewFrameTests.m; sourceTree = "<group>"; };
		B7757FCDF038BAF96C256083 /* SUIViewSubviews.h */ = {isa = PBXFileReference; fileEncoding = 4; lastKnownFileType = sourcecode.c.h; path = SUIViewSubviews.h; sourceTree = "<group>"; };
		D54E24D21B313EA50046E899 /* SigmaticUI.app */ = {isa = PBXFileReference; explicitFileType = wrapper.application; includeInIndex = 0; path = SigmaticUI.app; sourceTree = BUILT_PRODUCTS_DIR; };
		D54E24D61B313EA60046E899 /* Info.plist */ = {isa = PBXFileReference; lastKnownFileType = text.plist.xml; path = Info.plist; sourceTree = "<group>"; };
		D54E24D71B313EA60046E899 /* main.m */ = {isa = PBXFileReference; lastKnownFileType = sourcecode.c.objc; path = main.m; sourceTree = "<group>"; };
		D54E24D91B313EA60046E899 /* AppDelegate.h */ = {isa = PBXFileReference; lastKnownFileType = sourcecode.c.h; path = AppDelegate.h; sourceTree = "<group>"; };
		D54E24DA1B313EA60046E899 /* AppDelegate.m */ = {isa = PBXFileReference; lastKnownFileType = sourcecode.c.objc; path = AppDelegate.m; sourceTree = "<group>"; };
		D54E24DC1B313EA60046E899 /* ViewController.h */ = {isa = PBXFileReference; lastKnownFileType = sourcecode.c.h; path = ViewController.h; sourceTree = "<group>"; };
		D54E24DD1B313EA60046E899 /* ViewController.m */ = {isa = PBXFileReference; lastKnownFileType = sourcecode.c.objc; path = ViewController.m; sourceTree = "<group>"; };
		D54E24E01B313EA60046E899 /* Base */ = {isa = PBXFileReference; lastKnownFileType = file.storyboard; name = Base; path = Base.lproj/Main.storyboard; sourceTree = "<group>"; };
		D54E24E21B313EA60046E899 /* Images.xcassets */ = {isa = PBXFileReference; lastKnownFileType = folder.assetcatalog; path = Images.xcassets; sourceTree = "<group>"; };
		D54E24E51B313EA60046E899 /* Base */ = {isa = PBXFileReference; lastKnownFileType = file.xib; name = Base; path = Base.lproj/LaunchScreen.xib; sourceTree = "<group>"; };
		D54E24EB1B313EA60046E899 /* SigmaticUITests.xctest */ = {isa = PBXFileReference; explicitFileType = wrapper.cfbundle; includeInIndex = 0; path = SigmaticUITests.xctest; sourceTree = BUILT_PRODUCTS_DIR; };
		D54E24F01B313EA60046E899 /* Info.plist */ = {isa = PBXFileReference; lastKnownFileType = text.plist.xml; path = Info.plist; sourceTree = "<group>"; };
		D54E24FB1B3161E10046E899 /* SUISubViewController.h */ = {isa = PBXFileReference; fileEncoding = 4; lastKnownFileType = sourcecode.c.h; path = SUISubViewController.h; sourceTree = "<group>"; };
		D54E24FC1B3161E10046E899 /* SUISubViewController.m */ = {isa = PBXFileReference; fileEncoding = 4; lastKnownFileType = sourcecode.c.objc; path = SUISubViewController.m; sourceTree = "<group>"; };
		D59B9D571B690D7B004BEFDB /* MapKit.framework */ = {isa = PBXFileReference; lastKnownFileType = wrapper.framework; name = MapKit.framework; path = System/Library/Frameworks/MapKit.framework; sourceTree = SDKROOT; };
/* End PBXFileReference section */

/* Begin PBXFrameworksBuildPhase section */
		D54E24CF1B313EA50046E899 /* Frameworks */ = {
			isa = PBXFrameworksBuildPhase;
			buildActionMask = 2147483647;
			files = (
				D59B9D581B690D7B004BEFDB /* MapKit.framework in Frameworks */,
				2AC7249B144F17A3085132B4 /* libPods-SigmaticUI.a in Frameworks */,
			);
			runOnlyForDeploymentPostprocessing = 0;
		};
		D54E24E81B313EA60046E899 /* Frameworks */ = {
			isa = PBXFrameworksBuildPhase;
			buildActionMask = 2147483647;
			files = (
			);
			runOnlyForDeploymentPostprocessing = 0;
		};
/* End PBXFrameworksBuildPhase section */

/* Begin PBXGroup section */
		9F3A87EA6326B0BD3A10B972 /* Frameworks */ = {
			isa = PBXGroup;
			children = (
				D59B9D571B690D7B004BEFDB /* MapKit.framework */,
				56D051071A4C238CAE6026A2 /* libPods-SigmaticUI.a */,
			);
			name = Frameworks;
			sourceTree = "<group>";
		};
		B7757787D43B28E250F402FF /* UIView */ = {
			isa = PBXGroup;
			children = (
				B7757B6E8E56E77808599366 /* SUIViewFrame.h */,
				B7757715CE7C7BE378E79525 /* SUIViewFrame.m */,
				B775761108AEFA8BE198AD64 /* SUIViewSubviews.m */,
				B7757FCDF038BAF96C256083 /* SUIViewSubviews.h */,
				B77573A810ABC40C6ED95580 /* SUIViewSorting.m */,
				B77578A27C62C325D72D137B /* SUIViewSorting.h */,
			);
			path = UIView;
			sourceTree = "<group>";
		};
		B7757B6687EF22A441996C5B /* UIViewControllerEvents */ = {
			isa = PBXGroup;
			children = (
				B7757BB7C74AFCF719CB6219 /* SUIControlCenterTests.m */,
			);
			path = UIViewControllerEvents;
			sourceTree = "<group>";
		};
		B7757CE7D65760ABB3F0C168 /* UIView */ = {
			isa = PBXGroup;
			children = (
				B7757DBE2819A09E1F8B1A66 /* SUIViewFrameTests.m */,
			);
			path = UIView;
			sourceTree = "<group>";
		};
		B7757D241419A438283D5A60 /* UIViewController */ = {
			isa = PBXGroup;
			children = (
				B775740F9A20A4027DC9B03B /* SUIViewControllerExtension.m */,
				B77579C325CCFE897F113B51 /* SUIViewControllerExtension.h */,
			);
			path = UIViewController;
			sourceTree = "<group>";
		};
		BE7439579E096CC2E2AF56C3 /* Pods */ = {
			isa = PBXGroup;
			children = (
				162D7608C8F76153946C3483 /* Pods-SigmaticUI.debug.xcconfig */,
				1CAB3391CBE6735A2C9A3541 /* Pods-SigmaticUI.release.xcconfig */,
			);
			name = Pods;
			sourceTree = "<group>";
		};
		D54E24C91B313EA50046E899 = {
			isa = PBXGroup;
			children = (
				D54E24D41B313EA50046E899 /* SigmaticUI */,
				D54E24EE1B313EA60046E899 /* SigmaticUITests */,
				D54E24D31B313EA50046E899 /* Products */,
				BE7439579E096CC2E2AF56C3 /* Pods */,
				9F3A87EA6326B0BD3A10B972 /* Frameworks */,
			);
			sourceTree = "<group>";
		};
		D54E24D31B313EA50046E899 /* Products */ = {
			isa = PBXGroup;
			children = (
				D54E24D21B313EA50046E899 /* SigmaticUI.app */,
				D54E24EB1B313EA60046E899 /* SigmaticUITests.xctest */,
			);
			name = Products;
			sourceTree = "<group>";
		};
		D54E24D41B313EA50046E899 /* SigmaticUI */ = {
			isa = PBXGroup;
			children = (
				D54E24D91B313EA60046E899 /* AppDelegate.h */,
				D54E24DA1B313EA60046E899 /* AppDelegate.m */,
				D54E24DC1B313EA60046E899 /* ViewController.h */,
				D54E24DD1B313EA60046E899 /* ViewController.m */,
				D54E24FB1B3161E10046E899 /* SUISubViewController.h */,
				D54E24FC1B3161E10046E899 /* SUISubViewController.m */,
				D54E24DF1B313EA60046E899 /* Main.storyboard */,
				D54E24E21B313EA60046E899 /* Images.xcassets */,
				D54E24E41B313EA60046E899 /* LaunchScreen.xib */,
				D54E24D51B313EA60046E899 /* Supporting Files */,
				B77579BA2A532E0AE344D8BA /* SigmaticUI.h */,
				B7757787D43B28E250F402FF /* UIView */,
				B7757CC2D8F99DABE33375BD /* SUIModalViewController.m */,
				B7757ADED5370129FCD7AB98 /* SUIModalViewController.h */,
				B7757D241419A438283D5A60 /* UIViewController */,
			);
			path = SigmaticUI;
			sourceTree = "<group>";
		};
		D54E24D51B313EA60046E899 /* Supporting Files */ = {
			isa = PBXGroup;
			children = (
				D54E24D61B313EA60046E899 /* Info.plist */,
				D54E24D71B313EA60046E899 /* main.m */,
			);
			name = "Supporting Files";
			sourceTree = "<group>";
		};
		D54E24EE1B313EA60046E899 /* SigmaticUITests */ = {
			isa = PBXGroup;
			children = (
				D54E24EF1B313EA60046E899 /* Supporting Files */,
				B7757CE7D65760ABB3F0C168 /* UIView */,
				B7757B6687EF22A441996C5B /* UIViewControllerEvents */,
			);
			path = SigmaticUITests;
			sourceTree = "<group>";
		};
		D54E24EF1B313EA60046E899 /* Supporting Files */ = {
			isa = PBXGroup;
			children = (
				D54E24F01B313EA60046E899 /* Info.plist */,
			);
			name = "Supporting Files";
			sourceTree = "<group>";
		};
/* End PBXGroup section */

/* Begin PBXNativeTarget section */
		D54E24D11B313EA50046E899 /* SigmaticUI */ = {
			isa = PBXNativeTarget;
			buildConfigurationList = D54E24F51B313EA60046E899 /* Build configuration list for PBXNativeTarget "SigmaticUI" */;
			buildPhases = (
				43CA10B6B96B2D9FDBDF84F6 /* Check Pods Manifest.lock */,
				D54E24CE1B313EA50046E899 /* Sources */,
				D54E24CF1B313EA50046E899 /* Frameworks */,
				D54E24D01B313EA50046E899 /* Resources */,
				288C4082AFF1FC08C3C1774F /* Copy Pods Resources */,
			);
			buildRules = (
			);
			dependencies = (
			);
			name = SigmaticUI;
			productName = SigmaticUI;
			productReference = D54E24D21B313EA50046E899 /* SigmaticUI.app */;
			productType = "com.apple.product-type.application";
		};
		D54E24EA1B313EA60046E899 /* SigmaticUITests */ = {
			isa = PBXNativeTarget;
			buildConfigurationList = D54E24F81B313EA60046E899 /* Build configuration list for PBXNativeTarget "SigmaticUITests" */;
			buildPhases = (
				D54E24E71B313EA60046E899 /* Sources */,
				D54E24E81B313EA60046E899 /* Frameworks */,
				D54E24E91B313EA60046E899 /* Resources */,
			);
			buildRules = (
			);
			dependencies = (
				D54E24ED1B313EA60046E899 /* PBXTargetDependency */,
			);
			name = SigmaticUITests;
			productName = SigmaticUITests;
			productReference = D54E24EB1B313EA60046E899 /* SigmaticUITests.xctest */;
			productType = "com.apple.product-type.bundle.unit-test";
		};
/* End PBXNativeTarget section */

/* Begin PBXProject section */
		D54E24CA1B313EA50046E899 /* Project object */ = {
			isa = PBXProject;
			attributes = {
				CLASSPREFIX = SUI;
				LastUpgradeCheck = 0630;
				ORGANIZATIONNAME = Sigmatic;
				TargetAttributes = {
					D54E24D11B313EA50046E899 = {
						CreatedOnToolsVersion = 6.3.2;
					};
					D54E24EA1B313EA60046E899 = {
						CreatedOnToolsVersion = 6.3.2;
						TestTargetID = D54E24D11B313EA50046E899;
					};
				};
			};
			buildConfigurationList = D54E24CD1B313EA50046E899 /* Build configuration list for PBXProject "SigmaticUI" */;
			compatibilityVersion = "Xcode 3.2";
			developmentRegion = English;
			hasScannedForEncodings = 0;
			knownRegions = (
				en,
				Base,
			);
			mainGroup = D54E24C91B313EA50046E899;
			productRefGroup = D54E24D31B313EA50046E899 /* Products */;
			projectDirPath = "";
			projectRoot = "";
			targets = (
				D54E24D11B313EA50046E899 /* SigmaticUI */,
				D54E24EA1B313EA60046E899 /* SigmaticUITests */,
			);
		};
/* End PBXProject section */

/* Begin PBXResourcesBuildPhase section */
		D54E24D01B313EA50046E899 /* Resources */ = {
			isa = PBXResourcesBuildPhase;
			buildActionMask = 2147483647;
			files = (
				D54E24E11B313EA60046E899 /* Main.storyboard in Resources */,
				D54E24E61B313EA60046E899 /* LaunchScreen.xib in Resources */,
				D54E24E31B313EA60046E899 /* Images.xcassets in Resources */,
			);
			runOnlyForDeploymentPostprocessing = 0;
		};
		D54E24E91B313EA60046E899 /* Resources */ = {
			isa = PBXResourcesBuildPhase;
			buildActionMask = 2147483647;
			files = (
			);
			runOnlyForDeploymentPostprocessing = 0;
		};
/* End PBXResourcesBuildPhase section */

/* Begin PBXShellScriptBuildPhase section */
		288C4082AFF1FC08C3C1774F /* Copy Pods Resources */ = {
			isa = PBXShellScriptBuildPhase;
			buildActionMask = 2147483647;
			files = (
			);
			inputPaths = (
			);
			name = "Copy Pods Resources";
			outputPaths = (
			);
			runOnlyForDeploymentPostprocessing = 0;
			shellPath = /bin/sh;
			shellScript = "\"${SRCROOT}/Pods/Target Support Files/Pods-SigmaticUI/Pods-SigmaticUI-resources.sh\"\n";
			showEnvVarsInLog = 0;
		};
		43CA10B6B96B2D9FDBDF84F6 /* Check Pods Manifest.lock */ = {
			isa = PBXShellScriptBuildPhase;
			buildActionMask = 2147483647;
			files = (
			);
			inputPaths = (
			);
			name = "Check Pods Manifest.lock";
			outputPaths = (
			);
			runOnlyForDeploymentPostprocessing = 0;
			shellPath = /bin/sh;
			shellScript = "diff \"${PODS_ROOT}/../Podfile.lock\" \"${PODS_ROOT}/Manifest.lock\" > /dev/null\nif [[ $? != 0 ]] ; then\n    cat << EOM\nerror: The sandbox is not in sync with the Podfile.lock. Run 'pod install' or update your CocoaPods installation.\nEOM\n    exit 1\nfi\n";
			showEnvVarsInLog = 0;
		};
/* End PBXShellScriptBuildPhase section */

/* Begin PBXSourcesBuildPhase section */
		D54E24CE1B313EA50046E899 /* Sources */ = {
			isa = PBXSourcesBuildPhase;
			buildActionMask = 2147483647;
			files = (
				D54E24DE1B313EA60046E899 /* ViewController.m in Sources */,
				D54E24DB1B313EA60046E899 /* AppDelegate.m in Sources */,
				D54E24D81B313EA60046E899 /* main.m in Sources */,
				D54E24FD1B3161E10046E899 /* SUISubViewController.m in Sources */,
				B7757001067DCEFE478FAFA2 /* SUIViewFrame.m in Sources */,
				B7757EB9CBA6A7899BA2EF43 /* SUIViewSubviews.m in Sources */,
				B77574D1C5A5D9C03E22C144 /* SUIViewSorting.m in Sources */,
				B775739ED88852AA97E4A074 /* SUIModalViewController.m in Sources */,
				B775799B8F6EDEB761A4471F /* SUIViewControllerExtension.m in Sources */,
			);
			runOnlyForDeploymentPostprocessing = 0;
		};
		D54E24E71B313EA60046E899 /* Sources */ = {
			isa = PBXSourcesBuildPhase;
			buildActionMask = 2147483647;
			files = (
				B77573B952BDB5696AD4C48F /* SUIViewFrameTests.m in Sources */,
				B775758B8D964E1AF8A389C8 /* SUIControlCenterTests.m in Sources */,
			);
			runOnlyForDeploymentPostprocessing = 0;
		};
/* End PBXSourcesBuildPhase section */

/* Begin PBXTargetDependency section */
		D54E24ED1B313EA60046E899 /* PBXTargetDependency */ = {
			isa = PBXTargetDependency;
			target = D54E24D11B313EA50046E899 /* SigmaticUI */;
			targetProxy = D54E24EC1B313EA60046E899 /* PBXContainerItemProxy */;
		};
/* End PBXTargetDependency section */

/* Begin PBXVariantGroup section */
		D54E24DF1B313EA60046E899 /* Main.storyboard */ = {
			isa = PBXVariantGroup;
			children = (
				D54E24E01B313EA60046E899 /* Base */,
			);
			name = Main.storyboard;
			sourceTree = "<group>";
		};
		D54E24E41B313EA60046E899 /* LaunchScreen.xib */ = {
			isa = PBXVariantGroup;
			children = (
				D54E24E51B313EA60046E899 /* Base */,
			);
			name = LaunchScreen.xib;
			sourceTree = "<group>";
		};
/* End PBXVariantGroup section */

/* Begin XCBuildConfiguration section */
		D54E24F31B313EA60046E899 /* Debug */ = {
			isa = XCBuildConfiguration;
			buildSettings = {
				ALWAYS_SEARCH_USER_PATHS = NO;
				CLANG_CXX_LANGUAGE_STANDARD = "gnu++0x";
				CLANG_CXX_LIBRARY = "libc++";
				CLANG_ENABLE_MODULES = YES;
				CLANG_ENABLE_OBJC_ARC = YES;
				CLANG_WARN_BOOL_CONVERSION = YES;
				CLANG_WARN_CONSTANT_CONVERSION = YES;
				CLANG_WARN_DIRECT_OBJC_ISA_USAGE = YES_ERROR;
				CLANG_WARN_EMPTY_BODY = YES;
				CLANG_WARN_ENUM_CONVERSION = YES;
				CLANG_WARN_INT_CONVERSION = YES;
				CLANG_WARN_OBJC_ROOT_CLASS = YES_ERROR;
				CLANG_WARN_UNREACHABLE_CODE = YES;
				CLANG_WARN__DUPLICATE_METHOD_MATCH = YES;
				"CODE_SIGN_IDENTITY[sdk=iphoneos*]" = "iPhone Developer";
				COPY_PHASE_STRIP = NO;
				DEBUG_INFORMATION_FORMAT = "dwarf-with-dsym";
				ENABLE_STRICT_OBJC_MSGSEND = YES;
				GCC_C_LANGUAGE_STANDARD = gnu99;
				GCC_DYNAMIC_NO_PIC = NO;
				GCC_NO_COMMON_BLOCKS = YES;
				GCC_OPTIMIZATION_LEVEL = 0;
				GCC_PREPROCESSOR_DEFINITIONS = (
					"DEBUG=1",
					"$(inherited)",
				);
				GCC_SYMBOLS_PRIVATE_EXTERN = NO;
				GCC_WARN_64_TO_32_BIT_CONVERSION = YES;
				GCC_WARN_ABOUT_RETURN_TYPE = YES_ERROR;
				GCC_WARN_UNDECLARED_SELECTOR = YES;
				GCC_WARN_UNINITIALIZED_AUTOS = YES_AGGRESSIVE;
				GCC_WARN_UNUSED_FUNCTION = YES;
				GCC_WARN_UNUSED_VARIABLE = YES;
				IPHONEOS_DEPLOYMENT_TARGET = 8.3;
				MTL_ENABLE_DEBUG_INFO = YES;
				ONLY_ACTIVE_ARCH = YES;
				SDKROOT = iphoneos;
				TARGETED_DEVICE_FAMILY = "1,2";
			};
			name = Debug;
		};
		D54E24F41B313EA60046E899 /* Release */ = {
			isa = XCBuildConfiguration;
			buildSettings = {
				ALWAYS_SEARCH_USER_PATHS = NO;
				CLANG_CXX_LANGUAGE_STANDARD = "gnu++0x";
				CLANG_CXX_LIBRARY = "libc++";
				CLANG_ENABLE_MODULES = YES;
				CLANG_ENABLE_OBJC_ARC = YES;
				CLANG_WARN_BOOL_CONVERSION = YES;
				CLANG_WARN_CONSTANT_CONVERSION = YES;
				CLANG_WARN_DIRECT_OBJC_ISA_USAGE = YES_ERROR;
				CLANG_WARN_EMPTY_BODY = YES;
				CLANG_WARN_ENUM_CONVERSION = YES;
				CLANG_WARN_INT_CONVERSION = YES;
				CLANG_WARN_OBJC_ROOT_CLASS = YES_ERROR;
				CLANG_WARN_UNREACHABLE_CODE = YES;
				CLANG_WARN__DUPLICATE_METHOD_MATCH = YES;
				"CODE_SIGN_IDENTITY[sdk=iphoneos*]" = "iPhone Developer";
				COPY_PHASE_STRIP = NO;
				DEBUG_INFORMATION_FORMAT = "dwarf-with-dsym";
				ENABLE_NS_ASSERTIONS = NO;
				ENABLE_STRICT_OBJC_MSGSEND = YES;
				GCC_C_LANGUAGE_STANDARD = gnu99;
				GCC_NO_COMMON_BLOCKS = YES;
				GCC_WARN_64_TO_32_BIT_CONVERSION = YES;
				GCC_WARN_ABOUT_RETURN_TYPE = YES_ERROR;
				GCC_WARN_UNDECLARED_SELECTOR = YES;
				GCC_WARN_UNINITIALIZED_AUTOS = YES_AGGRESSIVE;
				GCC_WARN_UNUSED_FUNCTION = YES;
				GCC_WARN_UNUSED_VARIABLE = YES;
				IPHONEOS_DEPLOYMENT_TARGET = 8.3;
				MTL_ENABLE_DEBUG_INFO = NO;
				SDKROOT = iphoneos;
				TARGETED_DEVICE_FAMILY = "1,2";
				VALIDATE_PRODUCT = YES;
			};
			name = Release;
		};
		D54E24F61B313EA60046E899 /* Debug */ = {
			isa = XCBuildConfiguration;
			baseConfigurationReference = 162D7608C8F76153946C3483 /* Pods-SigmaticUI.debug.xcconfig */;
			buildSettings = {
				ASSETCATALOG_COMPILER_APPICON_NAME = AppIcon;
				GCC_TREAT_WARNINGS_AS_ERRORS = YES;
				INFOPLIST_FILE = SigmaticUI/Info.plist;
				IPHONEOS_DEPLOYMENT_TARGET = 6.0;
				LD_RUNPATH_SEARCH_PATHS = "$(inherited) @executable_path/Frameworks";
				PRODUCT_NAME = "$(TARGET_NAME)";
				USER_HEADER_SEARCH_PATHS = "\"${PROJECT_DIR}/Pods\"/**";
			};
			name = Debug;
		};
		D54E24F71B313EA60046E899 /* Release */ = {
			isa = XCBuildConfiguration;
			baseConfigurationReference = 1CAB3391CBE6735A2C9A3541 /* Pods-SigmaticUI.release.xcconfig */;
			buildSettings = {
				ASSETCATALOG_COMPILER_APPICON_NAME = AppIcon;
				GCC_TREAT_WARNINGS_AS_ERRORS = YES;
				INFOPLIST_FILE = SigmaticUI/Info.plist;
				IPHONEOS_DEPLOYMENT_TARGET = 6.0;
				LD_RUNPATH_SEARCH_PATHS = "$(inherited) @executable_path/Frameworks";
				PRODUCT_NAME = "$(TARGET_NAME)";
				USER_HEADER_SEARCH_PATHS = "\"${PROJECT_DIR}/Pods\"/**";
			};
			name = Release;
		};
		D54E24F91B313EA60046E899 /* Debug */ = {
			isa = XCBuildConfiguration;
			buildSettings = {
				BUNDLE_LOADER = "$(TEST_HOST)";
				FRAMEWORK_SEARCH_PATHS = (
					"$(SDKROOT)/Developer/Library/Frameworks",
					"$(inherited)",
				);
				GCC_PREPROCESSOR_DEFINITIONS = (
					"DEBUG=1",
					"$(inherited)",
				);
				INFOPLIST_FILE = SigmaticUITests/Info.plist;
				LD_RUNPATH_SEARCH_PATHS = "$(inherited) @executable_path/Frameworks @loader_path/Frameworks";
				PRODUCT_NAME = "$(TARGET_NAME)";
				TEST_HOST = "$(BUILT_PRODUCTS_DIR)/SigmaticUI.app/SigmaticUI";
			};
			name = Debug;
		};
		D54E24FA1B313EA60046E899 /* Release */ = {
			isa = XCBuildConfiguration;
			buildSettings = {
				BUNDLE_LOADER = "$(TEST_HOST)";
				FRAMEWORK_SEARCH_PATHS = (
					"$(SDKROOT)/Developer/Library/Frameworks",
					"$(inherited)",
				);
				INFOPLIST_FILE = SigmaticUITests/Info.plist;
				LD_RUNPATH_SEARCH_PATHS = "$(inherited) @executable_path/Frameworks @loader_path/Frameworks";
				PRODUCT_NAME = "$(TARGET_NAME)";
				TEST_HOST = "$(BUILT_PRODUCTS_DIR)/SigmaticUI.app/SigmaticUI";
			};
			name = Release;
		};
/* End XCBuildConfiguration section */

/* Begin XCConfigurationList section */
		D54E24CD1B313EA50046E899 /* Build configuration list for PBXProject "SigmaticUI" */ = {
			isa = XCConfigurationList;
			buildConfigurations = (
				D54E24F31B313EA60046E899 /* Debug */,
				D54E24F41B313EA60046E899 /* Release */,
			);
			defaultConfigurationIsVisible = 0;
			defaultConfigurationName = Release;
		};
		D54E24F51B313EA60046E899 /* Build configuration list for PBXNativeTarget "SigmaticUI" */ = {
			isa = XCConfigurationList;
			buildConfigurations = (
				D54E24F61B313EA60046E899 /* Debug */,
				D54E24F71B313EA60046E899 /* Release */,
			);
			defaultConfigurationIsVisible = 0;
			defaultConfigurationName = Release;
		};
		D54E24F81B313EA60046E899 /* Build configuration list for PBXNativeTarget "SigmaticUITests" */ = {
			isa = XCConfigurationList;
			buildConfigurations = (
				D54E24F91B313EA60046E899 /* Debug */,
				D54E24FA1B313EA60046E899 /* Release */,
			);
			defaultConfigurationIsVisible = 0;
			defaultConfigurationName = Release;
		};
/* End XCConfigurationList section */
	};
	rootObject = D54E24CA1B313EA50046E899 /* Project object */;
}
